
Microsoft Visual Studio Solution File, Format Version 12.00
# Visual Studio Version 16
VisualStudioVersion = 16.0.32407.337
MinimumVisualStudioVersion = 10.0.40219.1
Project("{FAE04EC0-301F-11D3-BF4B-00C04F79EFBC}") = "Tetriis", "Tetriis.csproj", "{B49A4CAB-25BC-4D1E-899C-E63AA71242AD}"
EndProject
Global
	GlobalSection(SolutionConfigurationPlatforms) = preSolution
		Debug|Any CPU = Debug|Any CPU
		Release|Any CPU = Release|Any CPU
	EndGlobalSection
	GlobalSection(ProjectConfigurationPlatforms) = postSolution
		{B49A4CAB-25BC-4D1E-899C-E63AA71242AD}.Debug|Any CPU.ActiveCfg = Debug|Any CPU
		{B49A4CAB-25BC-4D1E-899C-E63AA71242AD}.Debug|Any CPU.Build.0 = Debug|Any CPU
		{B49A4CAB-25BC-4D1E-899C-E63AA71242AD}.Release|Any CPU.ActiveCfg = Release|Any CPU
		{B49A4CAB-25BC-4D1E-899C-E63AA71242AD}.Release|Any CPU.Build.0 = Release|Any CPU
	EndGlobalSection
	GlobalSection(SolutionProperties) = preSolution
		HideSolutionNode = FALSE
	EndGlobalSection
	GlobalSection(ExtensibilityGlobals) = postSolution
		SolutionGuid = {0D08B242-3587-4DAE-9067-8A351DBCDD01}
	EndGlobalSection
EndGlobal
